
Microsoft Visual Studio Solution File, Format Version 12.00
# Visual Studio 15
VisualStudioVersion = 15.0.28010.2046
MinimumVisualStudioVersion = 10.0.40219.1
Project("{FAE04EC0-301F-11D3-BF4B-00C04F79EFBC}") = "ColorPicker", "ColorPicker\ColorPicker.csproj", "{F4F38307-FEA4-4A6A-8E36-5E7DD2CA7719}"
EndProject
Global
	GlobalSection(SolutionConfigurationPlatforms) = preSolution
		Debug|Any CPU = Debug|Any CPU
		Release|Any CPU = Release|Any CPU
	EndGlobalSection
	GlobalSection(ProjectConfigurationPlatforms) = postSolution
		{F4F38307-FEA4-4A6A-8E36-5E7DD2CA7719}.Debug|Any CPU.ActiveCfg = Debug|Any CPU
		{F4F38307-FEA4-4A6A-8E36-5E7DD2CA7719}.Debug|Any CPU.Build.0 = Debug|Any CPU
		{F4F38307-FEA4-4A6A-8E36-5E7DD2CA7719}.Release|Any CPU.ActiveCfg = Release|Any CPU
		{F4F38307-FEA4-4A6A-8E36-5E7DD2CA7719}.Release|Any CPU.Build.0 = Release|Any CPU
	EndGlobalSection
	GlobalSection(SolutionProperties) = preSolution
		HideSolutionNode = FALSE
	EndGlobalSection
	GlobalSection(ExtensibilityGlobals) = postSolution
		SolutionGuid = {C578E9EE-54C5-4367-AF67-C5F06347B324}
	EndGlobalSection
EndGlobal
